
Microsoft Visual Studio Solution File, Format Version 12.00
# Visual Studio Version 17
VisualStudioVersion = 17.4.33403.182
MinimumVisualStudioVersion = 10.0.40219.1
Project("{FAE04EC0-301F-11D3-BF4B-00C04F79EFBC}") = "Demo1", "Demo1\Demo1.csproj", "{75C1E0DC-72F1-491F-A86B-320BABAF9779}"
EndProject
Global
	GlobalSection(SolutionConfigurationPlatforms) = preSolution
		Debug|Any CPU = Debug|Any CPU
		Release|Any CPU = Release|Any CPU
	EndGlobalSection
	GlobalSection(ProjectConfigurationPlatforms) = postSolution
		{75C1E0DC-72F1-491F-A86B-320BABAF9779}.Debug|Any CPU.ActiveCfg = Debug|Any CPU
		{75C1E0DC-72F1-491F-A86B-320BABAF9779}.Debug|Any CPU.Build.0 = Debug|Any CPU
		{75C1E0DC-72F1-491F-A86B-320BABAF9779}.Release|Any CPU.ActiveCfg = Release|Any CPU
		{75C1E0DC-72F1-491F-A86B-320BABAF9779}.Release|Any CPU.Build.0 = Release|Any CPU
	EndGlobalSection
	GlobalSection(SolutionProperties) = preSolution
		HideSolutionNode = FALSE
	EndGlobalSection
	GlobalSection(ExtensibilityGlobals) = postSolution
		SolutionGuid = {54E8DC58-2F12-49C3-80B5-1FBB540ED485}
	EndGlobalSection
EndGlobal
